
Microsoft Visual Studio Solution File, Format Version 12.00
# Visual Studio Version 17
VisualStudioVersion = 17.8.34330.188
MinimumVisualStudioVersion = 10.0.40219.1
Project("{FAE04EC0-301F-11D3-BF4B-00C04F79EFBC}") = "Home", "Home\Home.csproj", "{27EA878F-5CA0-4479-9BCC-11CD395AB658}"
EndProject
Global
	GlobalSection(SolutionConfigurationPlatforms) = preSolution
		Debug|Any CPU = Debug|Any CPU
		Release|Any CPU = Release|Any CPU
	EndGlobalSection
	GlobalSection(ProjectConfigurationPlatforms) = postSolution
		{27EA878F-5CA0-4479-9BCC-11CD395AB658}.Debug|Any CPU.ActiveCfg = Debug|Any CPU
		{27EA878F-5CA0-4479-9BCC-11CD395AB658}.Debug|Any CPU.Build.0 = Debug|Any CPU
		{27EA878F-5CA0-4479-9BCC-11CD395AB658}.Release|Any CPU.ActiveCfg = Release|Any CPU
		{27EA878F-5CA0-4479-9BCC-11CD395AB658}.Release|Any CPU.Build.0 = Release|Any CPU
	EndGlobalSection
	GlobalSection(SolutionProperties) = preSolution
		HideSolutionNode = FALSE
	EndGlobalSection
	GlobalSection(ExtensibilityGlobals) = postSolution
		SolutionGuid = {56BE16B5-A36E-4617-A60F-142A4573967E}
	EndGlobalSection
EndGlobal
